
Microsoft Visual Studio Solution File, Format Version 12.00
# Visual Studio Version 17
VisualStudioVersion = 17.10.35122.118
MinimumVisualStudioVersion = 10.0.40219.1
Project("{FAE04EC0-301F-11D3-BF4B-00C04F79EFBC}") = "CarInsuranceAprroval", "CarInsuranceAprroval.csproj", "{4EC025D3-EE46-4426-8798-D9A5946FBAD9}"
EndProject
Global
	GlobalSection(SolutionConfigurationPlatforms) = preSolution
		Debug|Any CPU = Debug|Any CPU
		Release|Any CPU = Release|Any CPU
	EndGlobalSection
	GlobalSection(ProjectConfigurationPlatforms) = postSolution
		{4EC025D3-EE46-4426-8798-D9A5946FBAD9}.Debug|Any CPU.ActiveCfg = Debug|Any CPU
		{4EC025D3-EE46-4426-8798-D9A5946FBAD9}.Debug|Any CPU.Build.0 = Debug|Any CPU
		{4EC025D3-EE46-4426-8798-D9A5946FBAD9}.Release|Any CPU.ActiveCfg = Release|Any CPU
		{4EC025D3-EE46-4426-8798-D9A5946FBAD9}.Release|Any CPU.Build.0 = Release|Any CPU
	EndGlobalSection
	GlobalSection(SolutionProperties) = preSolution
		HideSolutionNode = FALSE
	EndGlobalSection
	GlobalSection(ExtensibilityGlobals) = postSolution
		SolutionGuid = {4E8A5974-CA33-4A56-8863-5F8627F6A6FE}
	EndGlobalSection
EndGlobal
